<?xml version="1.0" encoding="utf-8"?>
<Project ToolsVersion="4.0" xmlns="http://schemas.microsoft.com/developer/msbuild/2003">
  <ItemGroup>
    <Filter Include="Resource Files">
      <UniqueIdentifier>{67DA6AB6-F800-4c08-8B7A-83BB121AAD01}</UniqueIdentifier>
      <Extensions>rc;ico;cur;bmp;dlg;rc2;rct;bin;rgs;gif;jpg;jpeg;jpe;resx;tiff;tif;png;wav</Extensions>
    </Filter>
    <Filter Include="Editor">
      <UniqueIdentifier>{4FC737F1-C7A5-4376-A066-2A32D752A2FF}</UniqueIdentifier>
      <Extensions>c;cpp;h;hpp</Extensions>
    </Filter>
    <Filter Include="System">
      <UniqueIdentifier>{0aba3e8c-3d0a-4bec-9935-650eff0d4572}</UniqueIdentifier>
    </Filter>
    <Filter Include="GUI">
      <UniqueIdentifier>{2a3cd1a4-9fe2-4b33-b6dc-c4e4eb71600e}</UniqueIdentifier>
    </Filter>
    <Filter Include="GUI\Wrappers">
      <UniqueIdentifier>{1b25b727-3fa0-45de-83e8-a280cc37a265}</UniqueIdentifier>
    </Filter>
  </ItemGroup>
  <ItemGroup>
    <ClCompile Include="Main.cpp" />
    <ClCompile Include="Editor\GUIEditorApp.cpp">
      <Filter>Editor</Filter>
    </ClCompile>
    <ClCompile Include="Editor\GUIEditorLib.cpp">
      <Filter>Editor</Filter>
    </ClCompile>
    <ClCompile Include="System\ContentFile.cpp">
      <Filter>System</Filter>
    </ClCompile>
    <ClCompile Include="System\Reader.cpp">
      <Filter>System</Filter>
    </ClCompile>
    <ClCompile Include="System\RTEError.cpp">
      <Filter>System</Filter>
    </ClCompile>
    <ClCompile Include="System\Timer.cpp">
      <Filter>System</Filter>
    </ClCompile>
    <ClCompile Include="System\TimerMan.cpp">
      <Filter>System</Filter>
    </ClCompile>
    <ClCompile Include="System\Vector.cpp">
      <Filter>System</Filter>
    </ClCompile>
    <ClCompile Include="System\Writer.cpp">
      <Filter>System</Filter>
    </ClCompile>
    <ClCompile Include="GUI\GUIBanner.cpp">
      <Filter>GUI</Filter>
    </ClCompile>
    <ClCompile Include="GUI\GUIButton.cpp">
      <Filter>GUI</Filter>
    </ClCompile>
    <ClCompile Include="GUI\GUICheckbox.cpp">
      <Filter>GUI</Filter>
    </ClCompile>
    <ClCompile Include="GUI\GUICollectionBox.cpp">
      <Filter>GUI</Filter>
    </ClCompile>
    <ClCompile Include="GUI\GUIComboBox.cpp">
      <Filter>GUI</Filter>
    </ClCompile>
    <ClCompile Include="GUI\GUIControl.cpp">
      <Filter>GUI</Filter>
    </ClCompile>
    <ClCompile Include="GUI\GUIControlFactory.cpp">
      <Filter>GUI</Filter>
    </ClCompile>
    <ClCompile Include="GUI\GUIControlManager.cpp">
      <Filter>GUI</Filter>
    </ClCompile>
    <ClCompile Include="GUI\GUIEvent.cpp">
      <Filter>GUI</Filter>
    </ClCompile>
    <ClCompile Include="GUI\GUIFont.cpp">
      <Filter>GUI</Filter>
    </ClCompile>
    <ClCompile Include="GUI\GUIInput.cpp">
      <Filter>GUI</Filter>
    </ClCompile>
    <ClCompile Include="GUI\GUILabel.cpp">
      <Filter>GUI</Filter>
    </ClCompile>
    <ClCompile Include="GUI\GUIListBox.cpp">
      <Filter>GUI</Filter>
    </ClCompile>
    <ClCompile Include="GUI\GUIListPanel.cpp">
      <Filter>GUI</Filter>
    </ClCompile>
    <ClCompile Include="GUI\GUIManager.cpp">
      <Filter>GUI</Filter>
    </ClCompile>
    <ClCompile Include="GUI\GUIPanel.cpp">
      <Filter>GUI</Filter>
    </ClCompile>
    <ClCompile Include="GUI\GUIProgressBar.cpp">
      <Filter>GUI</Filter>
    </ClCompile>
    <ClCompile Include="GUI\GUIProperties.cpp">
      <Filter>GUI</Filter>
    </ClCompile>
    <ClCompile Include="GUI\GUIPropertyPage.cpp">
      <Filter>GUI</Filter>
    </ClCompile>
    <ClCompile Include="GUI\GUIRadioButton.cpp">
      <Filter>GUI</Filter>
    </ClCompile>
    <ClCompile Include="GUI\GUIScrollbar.cpp">
      <Filter>GUI</Filter>
    </ClCompile>
    <ClCompile Include="GUI\GUIScrollPanel.cpp">
      <Filter>GUI</Filter>
    </ClCompile>
    <ClCompile Include="GUI\GUISkin.cpp">
      <Filter>GUI</Filter>
    </ClCompile>
    <ClCompile Include="GUI\GUISlider.cpp">
      <Filter>GUI</Filter>
    </ClCompile>
    <ClCompile Include="GUI\GUITab.cpp">
      <Filter>GUI</Filter>
    </ClCompile>
    <ClCompile Include="GUI\GUITextBox.cpp">
      <Filter>GUI</Filter>
    </ClCompile>
    <ClCompile Include="GUI\GUITextPanel.cpp">
      <Filter>GUI</Filter>
    </ClCompile>
    <ClCompile Include="GUI\GUIUtil.cpp">
      <Filter>GUI</Filter>
    </ClCompile>
    <ClCompile Include="GUI\Wrappers\AllegroBitmap.cpp">
      <Filter>GUI\Wrappers</Filter>
    </ClCompile>
    <ClCompile Include="GUI\Wrappers\AllegroInput.cpp">
      <Filter>GUI\Wrappers</Filter>
    </ClCompile>
    <ClCompile Include="GUI\Wrappers\AllegroScreen.cpp">
      <Filter>GUI\Wrappers</Filter>
    </ClCompile>
    <ClCompile Include="System\StandardIncludes.cpp">
      <Filter>System</Filter>
    </ClCompile>
    <ClCompile Include="GUI\GUI.cpp">
      <Filter>GUI</Filter>
    </ClCompile>
    <ClCompile Include="GUI\WinUtil.cpp">
      <Filter>GUI</Filter>
    </ClCompile>
  </ItemGroup>
  <ItemGroup>
    <ClInclude Include="Resources\resource.h">
      <Filter>Resource Files</Filter>
    </ClInclude>
    <ClInclude Include="Editor\GUIEditorApp.h">
      <Filter>Editor</Filter>
    </ClInclude>
    <ClInclude Include="Editor\GUIEditorLib.h">
      <Filter>Editor</Filter>
    </ClInclude>
    <ClInclude Include="System\ContentFile.h">
      <Filter>System</Filter>
    </ClInclude>
    <ClInclude Include="System\Reader.h">
      <Filter>System</Filter>
    </ClInclude>
    <ClInclude Include="System\RTEError.h">
      <Filter>System</Filter>
    </ClInclude>
    <ClInclude Include="System\Serializable.h">
      <Filter>System</Filter>
    </ClInclude>
    <ClInclude Include="System\Timer.h">
      <Filter>System</Filter>
    </ClInclude>
    <ClInclude Include="System\TimerMan.h">
      <Filter>System</Filter>
    </ClInclude>
    <ClInclude Include="System\Vector.h">
      <Filter>System</Filter>
    </ClInclude>
    <ClInclude Include="System\Writer.h">
      <Filter>System</Filter>
    </ClInclude>
    <ClInclude Include="GUI\GUI.h">
      <Filter>GUI</Filter>
    </ClInclude>
    <ClInclude Include="GUI\GUIBanner.h">
      <Filter>GUI</Filter>
    </ClInclude>
    <ClInclude Include="GUI\GUIButton.h">
      <Filter>GUI</Filter>
    </ClInclude>
    <ClInclude Include="GUI\GUICheckbox.h">
      <Filter>GUI</Filter>
    </ClInclude>
    <ClInclude Include="GUI\GUICollectionBox.h">
      <Filter>GUI</Filter>
    </ClInclude>
    <ClInclude Include="GUI\GUIComboBox.h">
      <Filter>GUI</Filter>
    </ClInclude>
    <ClInclude Include="GUI\GUIControl.h">
      <Filter>GUI</Filter>
    </ClInclude>
    <ClInclude Include="GUI\GUIControlFactory.h">
      <Filter>GUI</Filter>
    </ClInclude>
    <ClInclude Include="GUI\GUIControlManager.h">
      <Filter>GUI</Filter>
    </ClInclude>
    <ClInclude Include="GUI\GUIEvent.h">
      <Filter>GUI</Filter>
    </ClInclude>
    <ClInclude Include="GUI\GUIFont.h">
      <Filter>GUI</Filter>
    </ClInclude>
    <ClInclude Include="GUI\GUIInput.h">
      <Filter>GUI</Filter>
    </ClInclude>
    <ClInclude Include="GUI\GUILabel.h">
      <Filter>GUI</Filter>
    </ClInclude>
    <ClInclude Include="GUI\GUIListBox.h">
      <Filter>GUI</Filter>
    </ClInclude>
    <ClInclude Include="GUI\GUIListPanel.h">
      <Filter>GUI</Filter>
    </ClInclude>
    <ClInclude Include="GUI\GUIManager.h">
      <Filter>GUI</Filter>
    </ClInclude>
    <ClInclude Include="GUI\GUIPanel.h">
      <Filter>GUI</Filter>
    </ClInclude>
    <ClInclude Include="GUI\GUIProgressBar.h">
      <Filter>GUI</Filter>
    </ClInclude>
    <ClInclude Include="GUI\GUIProperties.h">
      <Filter>GUI</Filter>
    </ClInclude>
    <ClInclude Include="GUI\GUIPropertyPage.h">
      <Filter>GUI</Filter>
    </ClInclude>
    <ClInclude Include="GUI\GUIRadioButton.h">
      <Filter>GUI</Filter>
    </ClInclude>
    <ClInclude Include="GUI\GUIScrollbar.h">
      <Filter>GUI</Filter>
    </ClInclude>
    <ClInclude Include="GUI\GUIScrollPanel.h">
      <Filter>GUI</Filter>
    </ClInclude>
    <ClInclude Include="GUI\GUISkin.h">
      <Filter>GUI</Filter>
    </ClInclude>
    <ClInclude Include="GUI\GUISlider.h">
      <Filter>GUI</Filter>
    </ClInclude>
    <ClInclude Include="GUI\GUITab.h">
      <Filter>GUI</Filter>
    </ClInclude>
    <ClInclude Include="GUI\GUITextBox.h">
      <Filter>GUI</Filter>
    </ClInclude>
    <ClInclude Include="GUI\GUITextPanel.h">
      <Filter>GUI</Filter>
    </ClInclude>
    <ClInclude Include="GUI\GUIUtil.h">
      <Filter>GUI</Filter>
    </ClInclude>
    <ClInclude Include="GUI\Wrappers\AllegroBitmap.h">
      <Filter>GUI\Wrappers</Filter>
    </ClInclude>
    <ClInclude Include="GUI\Wrappers\AllegroInput.h">
      <Filter>GUI\Wrappers</Filter>
    </ClInclude>
    <ClInclude Include="GUI\Wrappers\AllegroScreen.h">
      <Filter>GUI\Wrappers</Filter>
    </ClInclude>
    <ClInclude Include="GUI\Wrappers\GUIInterface.h">
      <Filter>GUI\Wrappers</Filter>
    </ClInclude>
    <ClInclude Include="System\StandardIncludes.h">
      <Filter>System</Filter>
    </ClInclude>
    <ClInclude Include="System\Constants.h">
      <Filter>System</Filter>
    </ClInclude>
    <ClInclude Include="GUI\WinUtil.h">
      <Filter>GUI</Filter>
    </ClInclude>
    <ClInclude Include="System\Singleton.h">
      <Filter>System</Filter>
    </ClInclude>
  </ItemGroup>
  <ItemGroup>
    <ResourceCompile Include="Resources\Resource.rc">
      <Filter>Resource Files</Filter>
    </ResourceCompile>
  </ItemGroup>
</Project>