<?xml version="1.0" encoding="utf-8"?>
<Project ToolsVersion="4.0" xmlns="http://schemas.microsoft.com/developer/msbuild/2003">
  <ItemGroup>
    <Filter Include="Source Files">
      <UniqueIdentifier>{4FC737F1-C7A5-4376-A066-2A32D752A2FF}</UniqueIdentifier>
      <Extensions>cpp;c;cc;cxx;def;odl;idl;hpj;bat;asm;asmx</Extensions>
    </Filter>
  </ItemGroup>
  <ItemGroup>
    <ClInclude Include="framework.h" />
    <ClInclude Include="pch.h" />
    <ClInclude Include="Source\GUI.h">
      <Filter>Source Files</Filter>
    </ClInclude>
    <ClInclude Include="Source\GUIBanner.h">
      <Filter>Source Files</Filter>
    </ClInclude>
    <ClInclude Include="Source\GUIButton.h">
      <Filter>Source Files</Filter>
    </ClInclude>
    <ClInclude Include="Source\GUICheckbox.h">
      <Filter>Source Files</Filter>
    </ClInclude>
    <ClInclude Include="Source\GUICollectionBox.h">
      <Filter>Source Files</Filter>
    </ClInclude>
    <ClInclude Include="Source\GUIComboBox.h">
      <Filter>Source Files</Filter>
    </ClInclude>
    <ClInclude Include="Source\GUIControl.h">
      <Filter>Source Files</Filter>
    </ClInclude>
    <ClInclude Include="Source\GUIControlFactory.h">
      <Filter>Source Files</Filter>
    </ClInclude>
    <ClInclude Include="Source\GUIControlManager.h">
      <Filter>Source Files</Filter>
    </ClInclude>
    <ClInclude Include="Source\GUIEvent.h">
      <Filter>Source Files</Filter>
    </ClInclude>
    <ClInclude Include="Source\GUIFont.h">
      <Filter>Source Files</Filter>
    </ClInclude>
    <ClInclude Include="Source\GUIInput.h">
      <Filter>Source Files</Filter>
    </ClInclude>
    <ClInclude Include="Source\GUILabel.h">
      <Filter>Source Files</Filter>
    </ClInclude>
    <ClInclude Include="Source\GUIListBox.h">
      <Filter>Source Files</Filter>
    </ClInclude>
    <ClInclude Include="Source\GUIListPanel.h">
      <Filter>Source Files</Filter>
    </ClInclude>
    <ClInclude Include="Source\GUIManager.h">
      <Filter>Source Files</Filter>
    </ClInclude>
    <ClInclude Include="Source\GUIPanel.h">
      <Filter>Source Files</Filter>
    </ClInclude>
    <ClInclude Include="Source\GUIProgressBar.h">
      <Filter>Source Files</Filter>
    </ClInclude>
    <ClInclude Include="Source\GUIProperties.h">
      <Filter>Source Files</Filter>
    </ClInclude>
    <ClInclude Include="Source\GUIPropertyPage.h">
      <Filter>Source Files</Filter>
    </ClInclude>
    <ClInclude Include="Source\GUIRadioButton.h">
      <Filter>Source Files</Filter>
    </ClInclude>
    <ClInclude Include="Source\GUIScrollbar.h">
      <Filter>Source Files</Filter>
    </ClInclude>
    <ClInclude Include="Source\GUIScrollPanel.h">
      <Filter>Source Files</Filter>
    </ClInclude>
    <ClInclude Include="Source\GUISkin.h">
      <Filter>Source Files</Filter>
    </ClInclude>
    <ClInclude Include="Source\GUISlider.h">
      <Filter>Source Files</Filter>
    </ClInclude>
    <ClInclude Include="Source\GUITab.h">
      <Filter>Source Files</Filter>
    </ClInclude>
    <ClInclude Include="Source\GUITextBox.h">
      <Filter>Source Files</Filter>
    </ClInclude>
    <ClInclude Include="Source\GUITextPanel.h">
      <Filter>Source Files</Filter>
    </ClInclude>
    <ClInclude Include="Source\GUIUtil.h">
      <Filter>Source Files</Filter>
    </ClInclude>
    <ClInclude Include="Source\Interface.h">
      <Filter>Source Files</Filter>
    </ClInclude>
    <ClInclude Include="Source\WinUtil.h">
      <Filter>Source Files</Filter>
    </ClInclude>
  </ItemGroup>
  <ItemGroup>
    <ClCompile Include="GUILibrary.cpp">
      <Filter>Source Files</Filter>
    </ClCompile>
    <ClCompile Include="pch.cpp" />
    <ClCompile Include="Source\GUI.cpp">
      <Filter>Source Files</Filter>
    </ClCompile>
    <ClCompile Include="Source\GUIBanner.cpp">
      <Filter>Source Files</Filter>
    </ClCompile>
    <ClCompile Include="Source\GUIButton.cpp">
      <Filter>Source Files</Filter>
    </ClCompile>
    <ClCompile Include="Source\GUICheckbox.cpp">
      <Filter>Source Files</Filter>
    </ClCompile>
    <ClCompile Include="Source\GUICollectionBox.cpp">
      <Filter>Source Files</Filter>
    </ClCompile>
    <ClCompile Include="Source\GUIComboBox.cpp">
      <Filter>Source Files</Filter>
    </ClCompile>
    <ClCompile Include="Source\GUIControl.cpp">
      <Filter>Source Files</Filter>
    </ClCompile>
    <ClCompile Include="Source\GUIControlFactory.cpp">
      <Filter>Source Files</Filter>
    </ClCompile>
    <ClCompile Include="Source\GUIControlManager.cpp">
      <Filter>Source Files</Filter>
    </ClCompile>
    <ClCompile Include="Source\GUIEvent.cpp">
      <Filter>Source Files</Filter>
    </ClCompile>
    <ClCompile Include="Source\GUIFont.cpp">
      <Filter>Source Files</Filter>
    </ClCompile>
    <ClCompile Include="Source\GUIInput.cpp">
      <Filter>Source Files</Filter>
    </ClCompile>
    <ClCompile Include="Source\GUILabel.cpp">
      <Filter>Source Files</Filter>
    </ClCompile>
    <ClCompile Include="Source\GUIListBox.cpp">
      <Filter>Source Files</Filter>
    </ClCompile>
    <ClCompile Include="Source\GUIListPanel.cpp">
      <Filter>Source Files</Filter>
    </ClCompile>
    <ClCompile Include="Source\GUIManager.cpp">
      <Filter>Source Files</Filter>
    </ClCompile>
    <ClCompile Include="Source\GUIPanel.cpp">
      <Filter>Source Files</Filter>
    </ClCompile>
    <ClCompile Include="Source\GUIProgressBar.cpp">
      <Filter>Source Files</Filter>
    </ClCompile>
    <ClCompile Include="Source\GUIProperties.cpp">
      <Filter>Source Files</Filter>
    </ClCompile>
    <ClCompile Include="Source\GUIPropertyPage.cpp">
      <Filter>Source Files</Filter>
    </ClCompile>
    <ClCompile Include="Source\GUIRadioButton.cpp">
      <Filter>Source Files</Filter>
    </ClCompile>
    <ClCompile Include="Source\GUIScrollbar.cpp">
      <Filter>Source Files</Filter>
    </ClCompile>
    <ClCompile Include="Source\GUIScrollPanel.cpp">
      <Filter>Source Files</Filter>
    </ClCompile>
    <ClCompile Include="Source\GUISkin.cpp">
      <Filter>Source Files</Filter>
    </ClCompile>
    <ClCompile Include="Source\GUISlider.cpp">
      <Filter>Source Files</Filter>
    </ClCompile>
    <ClCompile Include="Source\GUITab.cpp">
      <Filter>Source Files</Filter>
    </ClCompile>
    <ClCompile Include="Source\GUITextBox.cpp">
      <Filter>Source Files</Filter>
    </ClCompile>
    <ClCompile Include="Source\GUITextPanel.cpp">
      <Filter>Source Files</Filter>
    </ClCompile>
    <ClCompile Include="Source\GUIUtil.cpp">
      <Filter>Source Files</Filter>
    </ClCompile>
    <ClCompile Include="Source\WinUtil.cpp">
      <Filter>Source Files</Filter>
    </ClCompile>
  </ItemGroup>
</Project>