<?xml version="1.0" encoding="utf-8"?>
<Project ToolsVersion="4.0" xmlns="http://schemas.microsoft.com/developer/msbuild/2003">
  <ItemGroup>
    <Filter Include="Source Files">
      <UniqueIdentifier>{4FC737F1-C7A5-4376-A066-2A32D752A2FF}</UniqueIdentifier>
      <Extensions>cpp;c;cc;cxx;def;odl;idl;hpj;bat;asm;asmx</Extensions>
    </Filter>
    <Filter Include="Header Files">
      <UniqueIdentifier>{3b9d188e-4bbc-4d3a-8927-dbcd0dff8ccf}</UniqueIdentifier>
    </Filter>
    <Filter Include="Wrappers">
      <UniqueIdentifier>{c6a55314-6242-4c25-92ff-7d1508cadb9e}</UniqueIdentifier>
    </Filter>
  </ItemGroup>
  <ItemGroup>
    <ClInclude Include="Include\GUI.h">
      <Filter>Header Files</Filter>
    </ClInclude>
    <ClInclude Include="Include\GUIBanner.h">
      <Filter>Header Files</Filter>
    </ClInclude>
    <ClInclude Include="Include\GUIButton.h">
      <Filter>Header Files</Filter>
    </ClInclude>
    <ClInclude Include="Include\GUICheckbox.h">
      <Filter>Header Files</Filter>
    </ClInclude>
    <ClInclude Include="Include\GUICollectionBox.h">
      <Filter>Header Files</Filter>
    </ClInclude>
    <ClInclude Include="Include\GUIComboBox.h">
      <Filter>Header Files</Filter>
    </ClInclude>
    <ClInclude Include="Include\GUIControl.h">
      <Filter>Header Files</Filter>
    </ClInclude>
    <ClInclude Include="Include\GUIControlFactory.h">
      <Filter>Header Files</Filter>
    </ClInclude>
    <ClInclude Include="Include\GUIControlManager.h">
      <Filter>Header Files</Filter>
    </ClInclude>
    <ClInclude Include="Include\GUIEvent.h">
      <Filter>Header Files</Filter>
    </ClInclude>
    <ClInclude Include="Include\GUIFont.h">
      <Filter>Header Files</Filter>
    </ClInclude>
    <ClInclude Include="Include\GUIInput.h">
      <Filter>Header Files</Filter>
    </ClInclude>
    <ClInclude Include="Include\GUIInterface.h">
      <Filter>Header Files</Filter>
    </ClInclude>
    <ClInclude Include="Include\GUILabel.h">
      <Filter>Header Files</Filter>
    </ClInclude>
    <ClInclude Include="Include\GUIListBox.h">
      <Filter>Header Files</Filter>
    </ClInclude>
    <ClInclude Include="Include\GUIListPanel.h">
      <Filter>Header Files</Filter>
    </ClInclude>
    <ClInclude Include="Include\GUIManager.h">
      <Filter>Header Files</Filter>
    </ClInclude>
    <ClInclude Include="Include\GUIPanel.h">
      <Filter>Header Files</Filter>
    </ClInclude>
    <ClInclude Include="Include\GUIProgressBar.h">
      <Filter>Header Files</Filter>
    </ClInclude>
    <ClInclude Include="Include\GUIProperties.h">
      <Filter>Header Files</Filter>
    </ClInclude>
    <ClInclude Include="Include\GUIPropertyPage.h">
      <Filter>Header Files</Filter>
    </ClInclude>
    <ClInclude Include="Include\GUIRadioButton.h">
      <Filter>Header Files</Filter>
    </ClInclude>
    <ClInclude Include="Include\GUIScrollbar.h">
      <Filter>Header Files</Filter>
    </ClInclude>
    <ClInclude Include="Include\GUIScrollPanel.h">
      <Filter>Header Files</Filter>
    </ClInclude>
    <ClInclude Include="Include\GUISkin.h">
      <Filter>Header Files</Filter>
    </ClInclude>
    <ClInclude Include="Include\GUISlider.h">
      <Filter>Header Files</Filter>
    </ClInclude>
    <ClInclude Include="Include\GUITab.h">
      <Filter>Header Files</Filter>
    </ClInclude>
    <ClInclude Include="Include\GUITextBox.h">
      <Filter>Header Files</Filter>
    </ClInclude>
    <ClInclude Include="Include\GUITextPanel.h">
      <Filter>Header Files</Filter>
    </ClInclude>
    <ClInclude Include="Include\GUIUtil.h">
      <Filter>Header Files</Filter>
    </ClInclude>
    <ClInclude Include="LibraryIncludes.h" />
    <ClInclude Include="..\Wrappers\ContentFile.h">
      <Filter>Wrappers</Filter>
    </ClInclude>
    <ClInclude Include="..\Wrappers\Reader.h">
      <Filter>Wrappers</Filter>
    </ClInclude>
    <ClInclude Include="..\Wrappers\RTEError.h">
      <Filter>Wrappers</Filter>
    </ClInclude>
    <ClInclude Include="..\Wrappers\Timer.h">
      <Filter>Wrappers</Filter>
    </ClInclude>
    <ClInclude Include="..\Wrappers\TimerMan.h">
      <Filter>Wrappers</Filter>
    </ClInclude>
    <ClInclude Include="..\Wrappers\Writer.h">
      <Filter>Wrappers</Filter>
    </ClInclude>
    <ClInclude Include="..\Wrappers\Vector.h">
      <Filter>Wrappers</Filter>
    </ClInclude>
    <ClInclude Include="..\Wrappers\Serializable.h">
      <Filter>Wrappers</Filter>
    </ClInclude>
  </ItemGroup>
  <ItemGroup>
    <ClCompile Include="Source\GUIBanner.cpp">
      <Filter>Source Files</Filter>
    </ClCompile>
    <ClCompile Include="Source\GUIButton.cpp">
      <Filter>Source Files</Filter>
    </ClCompile>
    <ClCompile Include="Source\GUICheckbox.cpp">
      <Filter>Source Files</Filter>
    </ClCompile>
    <ClCompile Include="Source\GUICollectionBox.cpp">
      <Filter>Source Files</Filter>
    </ClCompile>
    <ClCompile Include="Source\GUIComboBox.cpp">
      <Filter>Source Files</Filter>
    </ClCompile>
    <ClCompile Include="Source\GUIControl.cpp">
      <Filter>Source Files</Filter>
    </ClCompile>
    <ClCompile Include="Source\GUIControlFactory.cpp">
      <Filter>Source Files</Filter>
    </ClCompile>
    <ClCompile Include="Source\GUIControlManager.cpp">
      <Filter>Source Files</Filter>
    </ClCompile>
    <ClCompile Include="Source\GUIEvent.cpp">
      <Filter>Source Files</Filter>
    </ClCompile>
    <ClCompile Include="Source\GUIFont.cpp">
      <Filter>Source Files</Filter>
    </ClCompile>
    <ClCompile Include="Source\GUIInput.cpp">
      <Filter>Source Files</Filter>
    </ClCompile>
    <ClCompile Include="Source\GUILabel.cpp">
      <Filter>Source Files</Filter>
    </ClCompile>
    <ClCompile Include="Source\GUIListBox.cpp">
      <Filter>Source Files</Filter>
    </ClCompile>
    <ClCompile Include="Source\GUIListPanel.cpp">
      <Filter>Source Files</Filter>
    </ClCompile>
    <ClCompile Include="Source\GUIManager.cpp">
      <Filter>Source Files</Filter>
    </ClCompile>
    <ClCompile Include="Source\GUIPanel.cpp">
      <Filter>Source Files</Filter>
    </ClCompile>
    <ClCompile Include="Source\GUIProgressBar.cpp">
      <Filter>Source Files</Filter>
    </ClCompile>
    <ClCompile Include="Source\GUIProperties.cpp">
      <Filter>Source Files</Filter>
    </ClCompile>
    <ClCompile Include="Source\GUIPropertyPage.cpp">
      <Filter>Source Files</Filter>
    </ClCompile>
    <ClCompile Include="Source\GUIRadioButton.cpp">
      <Filter>Source Files</Filter>
    </ClCompile>
    <ClCompile Include="Source\GUIScrollbar.cpp">
      <Filter>Source Files</Filter>
    </ClCompile>
    <ClCompile Include="Source\GUIScrollPanel.cpp">
      <Filter>Source Files</Filter>
    </ClCompile>
    <ClCompile Include="Source\GUISkin.cpp">
      <Filter>Source Files</Filter>
    </ClCompile>
    <ClCompile Include="Source\GUISlider.cpp">
      <Filter>Source Files</Filter>
    </ClCompile>
    <ClCompile Include="Source\GUITab.cpp">
      <Filter>Source Files</Filter>
    </ClCompile>
    <ClCompile Include="Source\GUITextBox.cpp">
      <Filter>Source Files</Filter>
    </ClCompile>
    <ClCompile Include="Source\GUITextPanel.cpp">
      <Filter>Source Files</Filter>
    </ClCompile>
    <ClCompile Include="Source\GUIUtil.cpp">
      <Filter>Source Files</Filter>
    </ClCompile>
    <ClCompile Include="LibraryIncludes.cpp" />
    <ClCompile Include="..\Wrappers\ContentFile.cpp">
      <Filter>Wrappers</Filter>
    </ClCompile>
    <ClCompile Include="..\Wrappers\Reader.cpp">
      <Filter>Wrappers</Filter>
    </ClCompile>
    <ClCompile Include="..\Wrappers\RTEError.cpp">
      <Filter>Wrappers</Filter>
    </ClCompile>
    <ClCompile Include="..\Wrappers\Timer.cpp">
      <Filter>Wrappers</Filter>
    </ClCompile>
    <ClCompile Include="..\Wrappers\TimerMan.cpp">
      <Filter>Wrappers</Filter>
    </ClCompile>
    <ClCompile Include="..\Wrappers\Writer.cpp">
      <Filter>Wrappers</Filter>
    </ClCompile>
    <ClCompile Include="..\Wrappers\Vector.cpp">
      <Filter>Wrappers</Filter>
    </ClCompile>
  </ItemGroup>
</Project>